
Microsoft Visual Studio Solution File, Format Version 12.00
# Visual Studio Version 17
VisualStudioVersion = 17.7.34024.191
MinimumVisualStudioVersion = 10.0.40219.1
Project("{FAE04EC0-301F-11D3-BF4B-00C04F79EFBC}") = "olimp_1.7", "olimp_1.7.csproj", "{C6864545-0AD2-41E4-8699-CF6DD624DA62}"
EndProject
Global
	GlobalSection(SolutionConfigurationPlatforms) = preSolution
		Debug|Any CPU = Debug|Any CPU
		Release|Any CPU = Release|Any CPU
	EndGlobalSection
	GlobalSection(ProjectConfigurationPlatforms) = postSolution
		{C6864545-0AD2-41E4-8699-CF6DD624DA62}.Debug|Any CPU.ActiveCfg = Debug|Any CPU
		{C6864545-0AD2-41E4-8699-CF6DD624DA62}.Debug|Any CPU.Build.0 = Debug|Any CPU
		{C6864545-0AD2-41E4-8699-CF6DD624DA62}.Release|Any CPU.ActiveCfg = Release|Any CPU
		{C6864545-0AD2-41E4-8699-CF6DD624DA62}.Release|Any CPU.Build.0 = Release|Any CPU
	EndGlobalSection
	GlobalSection(SolutionProperties) = preSolution
		HideSolutionNode = FALSE
	EndGlobalSection
	GlobalSection(ExtensibilityGlobals) = postSolution
		SolutionGuid = {B819BB87-9160-497A-BE3B-8E24DB4EA57E}
	EndGlobalSection
EndGlobal
