
Microsoft Visual Studio Solution File, Format Version 12.00
# Visual Studio Version 17
VisualStudioVersion = 17.7.34024.191
MinimumVisualStudioVersion = 10.0.40219.1
Project("{FAE04EC0-301F-11D3-BF4B-00C04F79EFBC}") = "Obshie_progi", "Obshie_progi.csproj", "{3FE83C00-E782-42FC-ABC5-F3B9AA51FBFE}"
EndProject
Global
	GlobalSection(SolutionConfigurationPlatforms) = preSolution
		Debug|Any CPU = Debug|Any CPU
		Release|Any CPU = Release|Any CPU
	EndGlobalSection
	GlobalSection(ProjectConfigurationPlatforms) = postSolution
		{3FE83C00-E782-42FC-ABC5-F3B9AA51FBFE}.Debug|Any CPU.ActiveCfg = Debug|Any CPU
		{3FE83C00-E782-42FC-ABC5-F3B9AA51FBFE}.Debug|Any CPU.Build.0 = Debug|Any CPU
		{3FE83C00-E782-42FC-ABC5-F3B9AA51FBFE}.Release|Any CPU.ActiveCfg = Release|Any CPU
		{3FE83C00-E782-42FC-ABC5-F3B9AA51FBFE}.Release|Any CPU.Build.0 = Release|Any CPU
	EndGlobalSection
	GlobalSection(SolutionProperties) = preSolution
		HideSolutionNode = FALSE
	EndGlobalSection
	GlobalSection(ExtensibilityGlobals) = postSolution
		SolutionGuid = {86EE77E7-7C34-4734-A145-1F01B4C82ED1}
	EndGlobalSection
EndGlobal
